
Microsoft Visual Studio Solution File, Format Version 12.00
# Visual Studio Version 16
VisualStudioVersion = 16.0.29318.209
MinimumVisualStudioVersion = 10.0.40219.1
Project("{FAE04EC0-301F-11D3-BF4B-00C04F79EFBC}") = "SMS_Send_Receive", "SMS_Send_Receive\SMS_Send_Receive.csproj", "{F014C00F-394D-4F66-BB83-3B389441CDB0}"
EndProject
Global
	GlobalSection(SolutionConfigurationPlatforms) = preSolution
		Debug|Any CPU = Debug|Any CPU
		Release|Any CPU = Release|Any CPU
	EndGlobalSection
	GlobalSection(ProjectConfigurationPlatforms) = postSolution
		{F014C00F-394D-4F66-BB83-3B389441CDB0}.Debug|Any CPU.ActiveCfg = Debug|Any CPU
		{F014C00F-394D-4F66-BB83-3B389441CDB0}.Debug|Any CPU.Build.0 = Debug|Any CPU
		{F014C00F-394D-4F66-BB83-3B389441CDB0}.Release|Any CPU.ActiveCfg = Release|Any CPU
		{F014C00F-394D-4F66-BB83-3B389441CDB0}.Release|Any CPU.Build.0 = Release|Any CPU
	EndGlobalSection
	GlobalSection(SolutionProperties) = preSolution
		HideSolutionNode = FALSE
	EndGlobalSection
	GlobalSection(ExtensibilityGlobals) = postSolution
		SolutionGuid = {EC708932-C62C-48D4-877E-9354622E60C9}
	EndGlobalSection
EndGlobal
